
Microsoft Visual Studio Solution File, Format Version 12.00
# Visual Studio 15
VisualStudioVersion = 15.0.28010.0
MinimumVisualStudioVersion = 10.0.40219.1
Project("{E24C65DC-7377-472B-9ABA-BC803B73C61A}") = "Ejercicio3", "Ejercicio3\", "{E502D6B4-732B-47B0-8582-E0FDC4D59DE6}"
	ProjectSection(WebsiteProperties) = preProject
		TargetFrameworkMoniker = ".NETFramework,Version%3Dv4.6.1"
		Debug.AspNetCompiler.VirtualPath = "/localhost_55120"
		Debug.AspNetCompiler.PhysicalPath = "Ejercicio3\"
		Debug.AspNetCompiler.TargetPath = "PrecompiledWeb\localhost_55120\"
		Debug.AspNetCompiler.Updateable = "true"
		Debug.AspNetCompiler.ForceOverwrite = "true"
		Debug.AspNetCompiler.FixedNames = "false"
		Debug.AspNetCompiler.Debug = "True"
		Release.AspNetCompiler.VirtualPath = "/localhost_55120"
		Release.AspNetCompiler.PhysicalPath = "Ejercicio3\"
		Release.AspNetCompiler.TargetPath = "PrecompiledWeb\localhost_55120\"
		Release.AspNetCompiler.Updateable = "true"
		Release.AspNetCompiler.ForceOverwrite = "true"
		Release.AspNetCompiler.FixedNames = "false"
		Release.AspNetCompiler.Debug = "False"
		VWDPort = "55120"
		SlnRelativePath = "Ejercicio3\"
		DefaultWebSiteLanguage = "Visual C#"
	EndProjectSection
EndProject
Global
	GlobalSection(SolutionConfigurationPlatforms) = preSolution
		Debug|Any CPU = Debug|Any CPU
	EndGlobalSection
	GlobalSection(ProjectConfigurationPlatforms) = postSolution
		{E502D6B4-732B-47B0-8582-E0FDC4D59DE6}.Debug|Any CPU.ActiveCfg = Debug|Any CPU
		{E502D6B4-732B-47B0-8582-E0FDC4D59DE6}.Debug|Any CPU.Build.0 = Debug|Any CPU
	EndGlobalSection
	GlobalSection(SolutionProperties) = preSolution
		HideSolutionNode = FALSE
	EndGlobalSection
	GlobalSection(ExtensibilityGlobals) = postSolution
		SolutionGuid = {A6D27778-F26A-4DBA-B90A-01DBD94BD1AC}
	EndGlobalSection
EndGlobal
